
Microsoft Visual Studio Solution File, Format Version 12.00
# Visual Studio 15
VisualStudioVersion = 15.0.27428.2015
MinimumVisualStudioVersion = 10.0.40219.1
Project("{FAE04EC0-301F-11D3-BF4B-00C04F79EFBC}") = "EShipment", "EShipment\EShipment.csproj", "{B66E0BB9-E366-4263-B3E9-A8EC5109CA65}"
EndProject
Global
	GlobalSection(SolutionConfigurationPlatforms) = preSolution
		Debug|Any CPU = Debug|Any CPU
		Release|Any CPU = Release|Any CPU
	EndGlobalSection
	GlobalSection(ProjectConfigurationPlatforms) = postSolution
		{B66E0BB9-E366-4263-B3E9-A8EC5109CA65}.Debug|Any CPU.ActiveCfg = Debug|Any CPU
		{B66E0BB9-E366-4263-B3E9-A8EC5109CA65}.Debug|Any CPU.Build.0 = Debug|Any CPU
		{B66E0BB9-E366-4263-B3E9-A8EC5109CA65}.Release|Any CPU.ActiveCfg = Release|Any CPU
		{B66E0BB9-E366-4263-B3E9-A8EC5109CA65}.Release|Any CPU.Build.0 = Release|Any CPU
	EndGlobalSection
	GlobalSection(SolutionProperties) = preSolution
		HideSolutionNode = FALSE
	EndGlobalSection
	GlobalSection(ExtensibilityGlobals) = postSolution
		SolutionGuid = {F75E8C63-0A48-401B-9357-B896549CC76A}
	EndGlobalSection
EndGlobal
